
Microsoft Visual Studio Solution File, Format Version 12.00
# Visual Studio 15
VisualStudioVersion = 15.0.28307.106
MinimumVisualStudioVersion = 10.0.40219.1
Project("{FAE04EC0-301F-11D3-BF4B-00C04F79EFBC}") = "LINQAndTesting.Library", "LINQAndTesting.Library\LINQAndTesting.Library.csproj", "{EC15F0C3-50A2-4070-8031-84A0F0E4FA06}"
EndProject
Project("{FAE04EC0-301F-11D3-BF4B-00C04F79EFBC}") = "LINQAndTesting.Tests", "LINQAndTesting.Tests\LINQAndTesting.Tests.csproj", "{795A4A41-B57A-4C73-ACA2-42CECAEB96BF}"
EndProject
Global
	GlobalSection(SolutionConfigurationPlatforms) = preSolution
		Debug|Any CPU = Debug|Any CPU
		Release|Any CPU = Release|Any CPU
	EndGlobalSection
	GlobalSection(ProjectConfigurationPlatforms) = postSolution
		{EC15F0C3-50A2-4070-8031-84A0F0E4FA06}.Debug|Any CPU.ActiveCfg = Debug|Any CPU
		{EC15F0C3-50A2-4070-8031-84A0F0E4FA06}.Debug|Any CPU.Build.0 = Debug|Any CPU
		{EC15F0C3-50A2-4070-8031-84A0F0E4FA06}.Release|Any CPU.ActiveCfg = Release|Any CPU
		{EC15F0C3-50A2-4070-8031-84A0F0E4FA06}.Release|Any CPU.Build.0 = Release|Any CPU
		{795A4A41-B57A-4C73-ACA2-42CECAEB96BF}.Debug|Any CPU.ActiveCfg = Debug|Any CPU
		{795A4A41-B57A-4C73-ACA2-42CECAEB96BF}.Debug|Any CPU.Build.0 = Debug|Any CPU
		{795A4A41-B57A-4C73-ACA2-42CECAEB96BF}.Release|Any CPU.ActiveCfg = Release|Any CPU
		{795A4A41-B57A-4C73-ACA2-42CECAEB96BF}.Release|Any CPU.Build.0 = Release|Any CPU
	EndGlobalSection
	GlobalSection(SolutionProperties) = preSolution
		HideSolutionNode = FALSE
	EndGlobalSection
	GlobalSection(ExtensibilityGlobals) = postSolution
		SolutionGuid = {BFE7630B-7521-4AEF-A0A3-F3055284B229}
	EndGlobalSection
EndGlobal
